
Microsoft Visual Studio Solution File, Format Version 12.00
# Visual Studio 15
VisualStudioVersion = 15.0.28307.421
MinimumVisualStudioVersion = 10.0.40219.1
Project("{FAE04EC0-301F-11D3-BF4B-00C04F79EFBC}") = "Sudoku", "Sudoku\Sudoku.csproj", "{9FAD428D-A298-4851-86B0-799CB3F30BB5}"
EndProject
Project("{FAE04EC0-301F-11D3-BF4B-00C04F79EFBC}") = "SudokuLib", "SudokuLib\SudokuLib.csproj", "{8802A754-E28F-4BA2-99B7-516E1F761DB0}"
EndProject
Global
	GlobalSection(SolutionConfigurationPlatforms) = preSolution
		Debug|Any CPU = Debug|Any CPU
		Release|Any CPU = Release|Any CPU
	EndGlobalSection
	GlobalSection(ProjectConfigurationPlatforms) = postSolution
		{9FAD428D-A298-4851-86B0-799CB3F30BB5}.Debug|Any CPU.ActiveCfg = Debug|Any CPU
		{9FAD428D-A298-4851-86B0-799CB3F30BB5}.Debug|Any CPU.Build.0 = Debug|Any CPU
		{9FAD428D-A298-4851-86B0-799CB3F30BB5}.Release|Any CPU.ActiveCfg = Release|Any CPU
		{9FAD428D-A298-4851-86B0-799CB3F30BB5}.Release|Any CPU.Build.0 = Release|Any CPU
		{8802A754-E28F-4BA2-99B7-516E1F761DB0}.Debug|Any CPU.ActiveCfg = Debug|Any CPU
		{8802A754-E28F-4BA2-99B7-516E1F761DB0}.Debug|Any CPU.Build.0 = Debug|Any CPU
		{8802A754-E28F-4BA2-99B7-516E1F761DB0}.Release|Any CPU.ActiveCfg = Release|Any CPU
		{8802A754-E28F-4BA2-99B7-516E1F761DB0}.Release|Any CPU.Build.0 = Release|Any CPU
	EndGlobalSection
	GlobalSection(SolutionProperties) = preSolution
		HideSolutionNode = FALSE
	EndGlobalSection
	GlobalSection(ExtensibilityGlobals) = postSolution
		SolutionGuid = {42D093A2-5490-43AD-81ED-F87B69E9B6ED}
	EndGlobalSection
EndGlobal
